
Microsoft Visual Studio Solution File, Format Version 12.00
# Visual Studio Version 17
VisualStudioVersion = 17.9.34728.123
MinimumVisualStudioVersion = 10.0.40219.1
Project("{FAE04EC0-301F-11D3-BF4B-00C04F79EFBC}") = "Tp1", "Tp1\Tp1.csproj", "{28AD6232-0EA5-46F2-A512-5420025D38B4}"
EndProject
Global
	GlobalSection(SolutionConfigurationPlatforms) = preSolution
		Debug|Any CPU = Debug|Any CPU
		Release|Any CPU = Release|Any CPU
	EndGlobalSection
	GlobalSection(ProjectConfigurationPlatforms) = postSolution
		{28AD6232-0EA5-46F2-A512-5420025D38B4}.Debug|Any CPU.ActiveCfg = Debug|Any CPU
		{28AD6232-0EA5-46F2-A512-5420025D38B4}.Debug|Any CPU.Build.0 = Debug|Any CPU
		{28AD6232-0EA5-46F2-A512-5420025D38B4}.Release|Any CPU.ActiveCfg = Release|Any CPU
		{28AD6232-0EA5-46F2-A512-5420025D38B4}.Release|Any CPU.Build.0 = Release|Any CPU
	EndGlobalSection
	GlobalSection(SolutionProperties) = preSolution
		HideSolutionNode = FALSE
	EndGlobalSection
	GlobalSection(ExtensibilityGlobals) = postSolution
		SolutionGuid = {249E4CEF-3833-42D0-9894-20398180C555}
	EndGlobalSection
EndGlobal
